
Microsoft Visual Studio Solution File, Format Version 12.00
# Visual Studio Version 17
VisualStudioVersion = 17.5.33209.295
MinimumVisualStudioVersion = 10.0.40219.1
Project("{FAE04EC0-301F-11D3-BF4B-00C04F79EFBC}") = "Publisher", "Publisher\Publisher.csproj", "{8FE84313-257B-4D22-944A-8079C70F19D9}"
EndProject
Project("{FAE04EC0-301F-11D3-BF4B-00C04F79EFBC}") = "Subscriber", "Subscriber\Subscriber.csproj", "{E55E2A68-E88E-4FA3-B341-96C316F022AC}"
EndProject
Global
	GlobalSection(SolutionConfigurationPlatforms) = preSolution
		Debug|Any CPU = Debug|Any CPU
		Release|Any CPU = Release|Any CPU
	EndGlobalSection
	GlobalSection(ProjectConfigurationPlatforms) = postSolution
		{8FE84313-257B-4D22-944A-8079C70F19D9}.Debug|Any CPU.ActiveCfg = Debug|Any CPU
		{8FE84313-257B-4D22-944A-8079C70F19D9}.Debug|Any CPU.Build.0 = Debug|Any CPU
		{8FE84313-257B-4D22-944A-8079C70F19D9}.Release|Any CPU.ActiveCfg = Release|Any CPU
		{8FE84313-257B-4D22-944A-8079C70F19D9}.Release|Any CPU.Build.0 = Release|Any CPU
		{E55E2A68-E88E-4FA3-B341-96C316F022AC}.Debug|Any CPU.ActiveCfg = Debug|Any CPU
		{E55E2A68-E88E-4FA3-B341-96C316F022AC}.Debug|Any CPU.Build.0 = Debug|Any CPU
		{E55E2A68-E88E-4FA3-B341-96C316F022AC}.Release|Any CPU.ActiveCfg = Release|Any CPU
		{E55E2A68-E88E-4FA3-B341-96C316F022AC}.Release|Any CPU.Build.0 = Release|Any CPU
	EndGlobalSection
	GlobalSection(SolutionProperties) = preSolution
		HideSolutionNode = FALSE
	EndGlobalSection
	GlobalSection(ExtensibilityGlobals) = postSolution
		SolutionGuid = {A344FF92-E894-474F-AAAC-BC07CBF0022C}
	EndGlobalSection
EndGlobal
